{
  "name": "kindling-logger",
  "version": "1.2.0",
  "lockfileVersion": 1,
  "requires": true,
  "dependencies": {
    "boxtoolsjs": {
      "version": "0.0.2",
      "resolved": "https://registry.npmjs.org/boxtoolsjs/-/boxtoolsjs-0.0.2.tgz",
      "integrity": "sha512-pe/rWJwFmT5rBR7rj0oio98cyVuk4ItLvBF/N+gfy7PCqxBVQBpA36JFGbYl55LzkAmgD2CJBZaqC7JHJgF2sQ=="
    },
    "dateformat": {
      "version": "3.0.3",
      "resolved": "https://registry.npmjs.org/dateformat/-/dateformat-3.0.3.tgz",
      "integrity": "sha512-jyCETtSl3VMZMWeRo7iY1FL19ges1t55hMo5yaam4Jrsm5EPL89UQkoQRyiI+Yf4k8r2ZpdngkV8hr1lIdjb3Q=="
    }
  }
}
