{
  "name": "kindling-logger",
  "version": "1.1.0",
  "lockfileVersion": 1,
  "requires": true,
  "dependencies": {
    "boxtoolsjs": {
      "version": "0.0.1",
      "resolved": "https://registry.npmjs.org/boxtoolsjs/-/boxtoolsjs-0.0.1.tgz",
      "integrity": "sha512-4t2WWrZjOElXf+IjmwKqTvWKG6FDM8LRY3tGNRLVYPS7WpflAkVj34HXlx65oCM03BaWb4P2ma3c+1Pu+i/H8w=="
    },
    "dateformat": {
      "version": "3.0.3",
      "resolved": "https://registry.npmjs.org/dateformat/-/dateformat-3.0.3.tgz",
      "integrity": "sha512-jyCETtSl3VMZMWeRo7iY1FL19ges1t55hMo5yaam4Jrsm5EPL89UQkoQRyiI+Yf4k8r2ZpdngkV8hr1lIdjb3Q=="
    }
  }
}
